{
  "nodes": {
    "nixpkgs": {
      "locked": {
        "lastModified": 1789654592,
        "narHash": "sha256-vrwAiXmz+0hs/IWXZalFG/Ws6xQRcW+gClUDlfvcfjQ=",
        "owner": "NixOS",
        "repo": "nixpkgs",
        "rev": "ecc58f32d1069a3e3f8a991e2233d365689f748d",
        "type": "github"
      },
      "original": {
        "owner": "NixOS",
        "ref": "nixos-26.05",
        "repo": "nixpkgs",
        "type": "github"
      }
    },
    "qcommon": {
      "inputs": {
        "nixpkgs": [
          "nixpkgs"
        ]
      },
      "locked": {
        "lastModified": 1790666307,
        "narHash": "sha256-TLcsXCsYdoPQD5yzAgm8gJ/5xd/3ihQ5BFNjwvLc574=",
        "owner": "porl",
        "repo": "qcommon",
        "rev": "39dace1d8d8ec1f778ec7161fa78817f50d20d9f",
        "type": "github"
      },
      "original": {
        "owner": "porl",
        "repo": "qcommon",
        "type": "github"
      }
    },
    "root": {
      "inputs": {
        "nixpkgs": "nixpkgs",
        "qcommon": "qcommon"
      }
    }
  },
  "root": "root",
  "version": 7
}
