{
  "nodes": {
    "nixpkgs": {
      "locked": {
        "lastModified": 1789654592,
        "narHash": "sha256-vrwAiXmz+0hs/IWXZalFG/Ws6xQRcW+gClUDlfvcfjQ=",
        "owner": "NixOS",
        "repo": "nixpkgs",
        "rev": "ecc58f32d1069a3e3f8a991e2233d365689f748d",
        "type": "github"
      },
      "original": {
        "owner": "NixOS",
        "ref": "nixos-26.05",
        "repo": "nixpkgs",
        "type": "github"
      }
    },
    "qcommon": {
      "inputs": {
        "nixpkgs": [
          "nixpkgs"
        ]
      },
      "locked": {
        "lastModified": 1790509396,
        "narHash": "sha256-eUh9hl+MSzLdNWG/ONHHlFal/5nk4NIZKGVJMHmvBpY=",
        "owner": "porl",
        "repo": "qcommon",
        "rev": "1c77004ef18b2887c571ec207c88a617492f0342",
        "type": "github"
      },
      "original": {
        "owner": "porl",
        "repo": "qcommon",
        "type": "github"
      }
    },
    "root": {
      "inputs": {
        "nixpkgs": "nixpkgs",
        "qcommon": "qcommon"
      }
    }
  },
  "root": "root",
  "version": 7
}
