{
  "nodes": {
    "nixpkgs": {
      "locked": {
        "lastModified": 1789654592,
        "narHash": "sha256-vrwAiXmz+0hs/IWXZalFG/Ws6xQRcW+gClUDlfvcfjQ=",
        "owner": "NixOS",
        "repo": "nixpkgs",
        "rev": "ecc58f32d1069a3e3f8a991e2233d365689f748d",
        "type": "github"
      },
      "original": {
        "owner": "NixOS",
        "ref": "nixos-26.05",
        "repo": "nixpkgs",
        "type": "github"
      }
    },
    "qcommon": {
      "inputs": {
        "nixpkgs": [
          "nixpkgs"
        ]
      },
      "locked": {
        "lastModified": 1790339638,
        "narHash": "sha256-3+8LPTV4BHzLOhXiGdJiuk5YKD6WVsCjIJPrH3tMaZY=",
        "owner": "porl",
        "repo": "qcommon",
        "rev": "97899759c7dc955b5e6bbdef6ea5f45c930cc58d",
        "type": "github"
      },
      "original": {
        "owner": "porl",
        "repo": "qcommon",
        "type": "github"
      }
    },
    "root": {
      "inputs": {
        "nixpkgs": "nixpkgs",
        "qcommon": "qcommon"
      }
    }
  },
  "root": "root",
  "version": 7
}
